
Microsoft Visual Studio Solution File, Format Version 12.00
# Visual Studio Version 17
VisualStudioVersion = 17.6.33723.286
MinimumVisualStudioVersion = 10.0.40219.1
Project("{FAE04EC0-301F-11D3-BF4B-00C04F79EFBC}") = "TD_librairies", "TD_librairies.csproj", "{729BC9E1-7BA1-4AC7-9C58-68AE51AE100D}"
EndProject
Global
	GlobalSection(SolutionConfigurationPlatforms) = preSolution
		Debug|Any CPU = Debug|Any CPU
		Release|Any CPU = Release|Any CPU
	EndGlobalSection
	GlobalSection(ProjectConfigurationPlatforms) = postSolution
		{729BC9E1-7BA1-4AC7-9C58-68AE51AE100D}.Debug|Any CPU.ActiveCfg = Debug|Any CPU
		{729BC9E1-7BA1-4AC7-9C58-68AE51AE100D}.Debug|Any CPU.Build.0 = Debug|Any CPU
		{729BC9E1-7BA1-4AC7-9C58-68AE51AE100D}.Release|Any CPU.ActiveCfg = Release|Any CPU
		{729BC9E1-7BA1-4AC7-9C58-68AE51AE100D}.Release|Any CPU.Build.0 = Release|Any CPU
	EndGlobalSection
	GlobalSection(SolutionProperties) = preSolution
		HideSolutionNode = FALSE
	EndGlobalSection
	GlobalSection(ExtensibilityGlobals) = postSolution
		SolutionGuid = {908593AB-09CC-497C-9D3D-216E5782E284}
	EndGlobalSection
EndGlobal
